
Microsoft Visual Studio Solution File, Format Version 12.00
# Visual Studio Version 17
VisualStudioVersion = 17.10.34916.146
MinimumVisualStudioVersion = 10.0.40219.1
Project("{9A19103F-16F7-4668-BE54-9A1E7A4F7556}") = "Arrays", "Arrays\Arrays.csproj", "{5B01B320-03E9-4FB4-8906-6313380D959D}"
EndProject
Project("{9A19103F-16F7-4668-BE54-9A1E7A4F7556}") = "BigONotation", "BigONotation\BigONotation.csproj", "{4C0CA20B-3939-4B31-9F03-8966DCA3B3A8}"
EndProject
Project("{9A19103F-16F7-4668-BE54-9A1E7A4F7556}") = "BreadthFirstSearch", "Graphs\BreadthFirstSearch.csproj", "{74F63951-D181-4506-994A-DADC3B8AE4C8}"
EndProject
Project("{9A19103F-16F7-4668-BE54-9A1E7A4F7556}") = "BFSTreeEdgesProjec", "BFSTreeEdgesProjec\BFSTreeEdgesProjec.csproj", "{8781808E-96E0-4356-9F07-4DC67ECC33FE}"
EndProject
Project("{9A19103F-16F7-4668-BE54-9A1E7A4F7556}") = "DepthFirstSearch", "DepthFirstSearch\DepthFirstSearch.csproj", "{F71937F8-65A1-4F78-8AE9-42DF645AEB2E}"
EndProject
Project("{9A19103F-16F7-4668-BE54-9A1E7A4F7556}") = "DFSTreeEdgesProject", "DFSTreeEdgesProject\DFSTreeEdgesProject.csproj", "{655F76A1-C952-4A3A-9A57-F2BEFE24B0DF}"
EndProject
Project("{9A19103F-16F7-4668-BE54-9A1E7A4F7556}") = "DijkstraShortestPath2", "DijkstraShortestPath2\DijkstraShortestPath2.csproj", "{20DBC191-6BC5-4569-B46D-2E93F8035CC0}"
EndProject
Project("{9A19103F-16F7-4668-BE54-9A1E7A4F7556}") = "Linked", "Linked\Linked.csproj", "{E5182070-C568-49EB-9EAF-190D8F7854ED}"
EndProject
Project("{9A19103F-16F7-4668-BE54-9A1E7A4F7556}") = "Linked2", "Linked2\Linked2.csproj", "{00CA4D8A-2992-4E1C-A4F3-C2851614C4BC}"
EndProject
Project("{FAE04EC0-301F-11D3-BF4B-00C04F79EFBC}") = "Recursion", "Recursion\Recursion.csproj", "{AC2B93AA-6805-4391-8732-8C611AD1CC2E}"
EndProject
Project("{FAE04EC0-301F-11D3-BF4B-00C04F79EFBC}") = "BubbleSort", "BubbleSort\BubbleSort.csproj", "{A1ED06A1-4022-4882-A02B-992B6B05786E}"
EndProject
Project("{FAE04EC0-301F-11D3-BF4B-00C04F79EFBC}") = "MergeSort", "MergeSort\MergeSort.csproj", "{CBE29682-B5DD-455E-9964-B09760A70CCD}"
EndProject
Project("{FAE04EC0-301F-11D3-BF4B-00C04F79EFBC}") = "QuickSort", "QuickSort\QuickSort.csproj", "{2F4B728E-C7D5-4F77-9DF9-FE1CF4C65746}"
EndProject
Project("{FAE04EC0-301F-11D3-BF4B-00C04F79EFBC}") = "SelectionSort", "SelectionSort\SelectionSort.csproj", "{41B3EF58-D77D-41BC-A727-90FFD425617E}"
EndProject
Project("{FAE04EC0-301F-11D3-BF4B-00C04F79EFBC}") = "ShellSort", "ShellSort\ShellSort.csproj", "{C8C99DFB-E67C-4EEB-A603-FA3E7B8F443C}"
EndProject
Project("{FAE04EC0-301F-11D3-BF4B-00C04F79EFBC}") = "ExpressionTreeProject", "ExpressionTreeProject\ExpressionTreeProject.csproj", "{6A3E313C-E81A-48E1-993D-9D7055E9E777}"
EndProject
Project("{FAE04EC0-301F-11D3-BF4B-00C04F79EFBC}") = "InsertionSort", "InsertionSort\InsertionSort.csproj", "{B2C3AA64-68C7-48C7-9B52-0663A98802BB}"
EndProject
Global
	GlobalSection(SolutionConfigurationPlatforms) = preSolution
		Debug|Any CPU = Debug|Any CPU
		Release|Any CPU = Release|Any CPU
	EndGlobalSection
	GlobalSection(ProjectConfigurationPlatforms) = postSolution
		{5B01B320-03E9-4FB4-8906-6313380D959D}.Debug|Any CPU.ActiveCfg = Debug|Any CPU
		{5B01B320-03E9-4FB4-8906-6313380D959D}.Debug|Any CPU.Build.0 = Debug|Any CPU
		{5B01B320-03E9-4FB4-8906-6313380D959D}.Release|Any CPU.ActiveCfg = Release|Any CPU
		{5B01B320-03E9-4FB4-8906-6313380D959D}.Release|Any CPU.Build.0 = Release|Any CPU
		{4C0CA20B-3939-4B31-9F03-8966DCA3B3A8}.Debug|Any CPU.ActiveCfg = Debug|Any CPU
		{4C0CA20B-3939-4B31-9F03-8966DCA3B3A8}.Debug|Any CPU.Build.0 = Debug|Any CPU
		{4C0CA20B-3939-4B31-9F03-8966DCA3B3A8}.Release|Any CPU.ActiveCfg = Release|Any CPU
		{4C0CA20B-3939-4B31-9F03-8966DCA3B3A8}.Release|Any CPU.Build.0 = Release|Any CPU
		{74F63951-D181-4506-994A-DADC3B8AE4C8}.Debug|Any CPU.ActiveCfg = Debug|Any CPU
		{74F63951-D181-4506-994A-DADC3B8AE4C8}.Debug|Any CPU.Build.0 = Debug|Any CPU
		{74F63951-D181-4506-994A-DADC3B8AE4C8}.Release|Any CPU.ActiveCfg = Release|Any CPU
		{74F63951-D181-4506-994A-DADC3B8AE4C8}.Release|Any CPU.Build.0 = Release|Any CPU
		{8781808E-96E0-4356-9F07-4DC67ECC33FE}.Debug|Any CPU.ActiveCfg = Debug|Any CPU
		{8781808E-96E0-4356-9F07-4DC67ECC33FE}.Debug|Any CPU.Build.0 = Debug|Any CPU
		{8781808E-96E0-4356-9F07-4DC67ECC33FE}.Release|Any CPU.ActiveCfg = Release|Any CPU
		{8781808E-96E0-4356-9F07-4DC67ECC33FE}.Release|Any CPU.Build.0 = Release|Any CPU
		{F71937F8-65A1-4F78-8AE9-42DF645AEB2E}.Debug|Any CPU.ActiveCfg = Debug|Any CPU
		{F71937F8-65A1-4F78-8AE9-42DF645AEB2E}.Debug|Any CPU.Build.0 = Debug|Any CPU
		{F71937F8-65A1-4F78-8AE9-42DF645AEB2E}.Release|Any CPU.ActiveCfg = Release|Any CPU
		{F71937F8-65A1-4F78-8AE9-42DF645AEB2E}.Release|Any CPU.Build.0 = Release|Any CPU
		{655F76A1-C952-4A3A-9A57-F2BEFE24B0DF}.Debug|Any CPU.ActiveCfg = Debug|Any CPU
		{655F76A1-C952-4A3A-9A57-F2BEFE24B0DF}.Debug|Any CPU.Build.0 = Debug|Any CPU
		{655F76A1-C952-4A3A-9A57-F2BEFE24B0DF}.Release|Any CPU.ActiveCfg = Release|Any CPU
		{655F76A1-C952-4A3A-9A57-F2BEFE24B0DF}.Release|Any CPU.Build.0 = Release|Any CPU
		{20DBC191-6BC5-4569-B46D-2E93F8035CC0}.Debug|Any CPU.ActiveCfg = Debug|Any CPU
		{20DBC191-6BC5-4569-B46D-2E93F8035CC0}.Debug|Any CPU.Build.0 = Debug|Any CPU
		{20DBC191-6BC5-4569-B46D-2E93F8035CC0}.Release|Any CPU.ActiveCfg = Release|Any CPU
		{20DBC191-6BC5-4569-B46D-2E93F8035CC0}.Release|Any CPU.Build.0 = Release|Any CPU
		{E5182070-C568-49EB-9EAF-190D8F7854ED}.Debug|Any CPU.ActiveCfg = Debug|Any CPU
		{E5182070-C568-49EB-9EAF-190D8F7854ED}.Debug|Any CPU.Build.0 = Debug|Any CPU
		{E5182070-C568-49EB-9EAF-190D8F7854ED}.Release|Any CPU.ActiveCfg = Release|Any CPU
		{E5182070-C568-49EB-9EAF-190D8F7854ED}.Release|Any CPU.Build.0 = Release|Any CPU
		{00CA4D8A-2992-4E1C-A4F3-C2851614C4BC}.Debug|Any CPU.ActiveCfg = Debug|Any CPU
		{00CA4D8A-2992-4E1C-A4F3-C2851614C4BC}.Debug|Any CPU.Build.0 = Debug|Any CPU
		{00CA4D8A-2992-4E1C-A4F3-C2851614C4BC}.Release|Any CPU.ActiveCfg = Release|Any CPU
		{00CA4D8A-2992-4E1C-A4F3-C2851614C4BC}.Release|Any CPU.Build.0 = Release|Any CPU
		{AC2B93AA-6805-4391-8732-8C611AD1CC2E}.Debug|Any CPU.ActiveCfg = Debug|Any CPU
		{AC2B93AA-6805-4391-8732-8C611AD1CC2E}.Debug|Any CPU.Build.0 = Debug|Any CPU
		{AC2B93AA-6805-4391-8732-8C611AD1CC2E}.Release|Any CPU.ActiveCfg = Release|Any CPU
		{AC2B93AA-6805-4391-8732-8C611AD1CC2E}.Release|Any CPU.Build.0 = Release|Any CPU
		{A1ED06A1-4022-4882-A02B-992B6B05786E}.Debug|Any CPU.ActiveCfg = Debug|Any CPU
		{A1ED06A1-4022-4882-A02B-992B6B05786E}.Debug|Any CPU.Build.0 = Debug|Any CPU
		{A1ED06A1-4022-4882-A02B-992B6B05786E}.Release|Any CPU.ActiveCfg = Release|Any CPU
		{A1ED06A1-4022-4882-A02B-992B6B05786E}.Release|Any CPU.Build.0 = Release|Any CPU
		{CBE29682-B5DD-455E-9964-B09760A70CCD}.Debug|Any CPU.ActiveCfg = Debug|Any CPU
		{CBE29682-B5DD-455E-9964-B09760A70CCD}.Debug|Any CPU.Build.0 = Debug|Any CPU
		{CBE29682-B5DD-455E-9964-B09760A70CCD}.Release|Any CPU.ActiveCfg = Release|Any CPU
		{CBE29682-B5DD-455E-9964-B09760A70CCD}.Release|Any CPU.Build.0 = Release|Any CPU
		{2F4B728E-C7D5-4F77-9DF9-FE1CF4C65746}.Debug|Any CPU.ActiveCfg = Debug|Any CPU
		{2F4B728E-C7D5-4F77-9DF9-FE1CF4C65746}.Debug|Any CPU.Build.0 = Debug|Any CPU
		{2F4B728E-C7D5-4F77-9DF9-FE1CF4C65746}.Release|Any CPU.ActiveCfg = Release|Any CPU
		{2F4B728E-C7D5-4F77-9DF9-FE1CF4C65746}.Release|Any CPU.Build.0 = Release|Any CPU
		{41B3EF58-D77D-41BC-A727-90FFD425617E}.Debug|Any CPU.ActiveCfg = Debug|Any CPU
		{41B3EF58-D77D-41BC-A727-90FFD425617E}.Debug|Any CPU.Build.0 = Debug|Any CPU
		{41B3EF58-D77D-41BC-A727-90FFD425617E}.Release|Any CPU.ActiveCfg = Release|Any CPU
		{41B3EF58-D77D-41BC-A727-90FFD425617E}.Release|Any CPU.Build.0 = Release|Any CPU
		{C8C99DFB-E67C-4EEB-A603-FA3E7B8F443C}.Debug|Any CPU.ActiveCfg = Debug|Any CPU
		{C8C99DFB-E67C-4EEB-A603-FA3E7B8F443C}.Debug|Any CPU.Build.0 = Debug|Any CPU
		{C8C99DFB-E67C-4EEB-A603-FA3E7B8F443C}.Release|Any CPU.ActiveCfg = Release|Any CPU
		{C8C99DFB-E67C-4EEB-A603-FA3E7B8F443C}.Release|Any CPU.Build.0 = Release|Any CPU
		{6A3E313C-E81A-48E1-993D-9D7055E9E777}.Debug|Any CPU.ActiveCfg = Debug|Any CPU
		{6A3E313C-E81A-48E1-993D-9D7055E9E777}.Debug|Any CPU.Build.0 = Debug|Any CPU
		{6A3E313C-E81A-48E1-993D-9D7055E9E777}.Release|Any CPU.ActiveCfg = Release|Any CPU
		{6A3E313C-E81A-48E1-993D-9D7055E9E777}.Release|Any CPU.Build.0 = Release|Any CPU
		{B2C3AA64-68C7-48C7-9B52-0663A98802BB}.Debug|Any CPU.ActiveCfg = Debug|Any CPU
		{B2C3AA64-68C7-48C7-9B52-0663A98802BB}.Debug|Any CPU.Build.0 = Debug|Any CPU
		{B2C3AA64-68C7-48C7-9B52-0663A98802BB}.Release|Any CPU.ActiveCfg = Release|Any CPU
		{B2C3AA64-68C7-48C7-9B52-0663A98802BB}.Release|Any CPU.Build.0 = Release|Any CPU
	EndGlobalSection
	GlobalSection(SolutionProperties) = preSolution
		HideSolutionNode = FALSE
	EndGlobalSection
	GlobalSection(ExtensibilityGlobals) = postSolution
		SolutionGuid = {D6826572-ECDB-45D4-8D03-E09D697BB84C}
	EndGlobalSection
EndGlobal
