
Microsoft Visual Studio Solution File, Format Version 12.00
# Visual Studio Version 17
VisualStudioVersion = 17.10.34916.146
MinimumVisualStudioVersion = 10.0.40219.1
Project("{9A19103F-16F7-4668-BE54-9A1E7A4F7556}") = "Arrays", "Arrays\Arrays.csproj", "{5B01B320-03E9-4FB4-8906-6313380D959D}"
EndProject
Project("{9A19103F-16F7-4668-BE54-9A1E7A4F7556}") = "BigONotation", "BigONotation\BigONotation.csproj", "{4C0CA20B-3939-4B31-9F03-8966DCA3B3A8}"
EndProject
Project("{9A19103F-16F7-4668-BE54-9A1E7A4F7556}") = "BreadthFirstSearch", "Graphs\BreadthFirstSearch.csproj", "{74F63951-D181-4506-994A-DADC3B8AE4C8}"
EndProject
Project("{FAE04EC0-301F-11D3-BF4B-00C04F79EFBC}") = "BFSTreeEdgesProjec", "BFSTreeEdgesProjec\BFSTreeEdgesProjec.csproj", "{8781808E-96E0-4356-9F07-4DC67ECC33FE}"
EndProject
Project("{FAE04EC0-301F-11D3-BF4B-00C04F79EFBC}") = "DepthFirstSearch", "DepthFirstSearch\DepthFirstSearch.csproj", "{F71937F8-65A1-4F78-8AE9-42DF645AEB2E}"
EndProject
Global
	GlobalSection(SolutionConfigurationPlatforms) = preSolution
		Debug|Any CPU = Debug|Any CPU
		Release|Any CPU = Release|Any CPU
	EndGlobalSection
	GlobalSection(ProjectConfigurationPlatforms) = postSolution
		{5B01B320-03E9-4FB4-8906-6313380D959D}.Debug|Any CPU.ActiveCfg = Debug|Any CPU
		{5B01B320-03E9-4FB4-8906-6313380D959D}.Debug|Any CPU.Build.0 = Debug|Any CPU
		{5B01B320-03E9-4FB4-8906-6313380D959D}.Release|Any CPU.ActiveCfg = Release|Any CPU
		{5B01B320-03E9-4FB4-8906-6313380D959D}.Release|Any CPU.Build.0 = Release|Any CPU
		{4C0CA20B-3939-4B31-9F03-8966DCA3B3A8}.Debug|Any CPU.ActiveCfg = Debug|Any CPU
		{4C0CA20B-3939-4B31-9F03-8966DCA3B3A8}.Debug|Any CPU.Build.0 = Debug|Any CPU
		{4C0CA20B-3939-4B31-9F03-8966DCA3B3A8}.Release|Any CPU.ActiveCfg = Release|Any CPU
		{4C0CA20B-3939-4B31-9F03-8966DCA3B3A8}.Release|Any CPU.Build.0 = Release|Any CPU
		{74F63951-D181-4506-994A-DADC3B8AE4C8}.Debug|Any CPU.ActiveCfg = Debug|Any CPU
		{74F63951-D181-4506-994A-DADC3B8AE4C8}.Debug|Any CPU.Build.0 = Debug|Any CPU
		{74F63951-D181-4506-994A-DADC3B8AE4C8}.Release|Any CPU.ActiveCfg = Release|Any CPU
		{74F63951-D181-4506-994A-DADC3B8AE4C8}.Release|Any CPU.Build.0 = Release|Any CPU
		{8781808E-96E0-4356-9F07-4DC67ECC33FE}.Debug|Any CPU.ActiveCfg = Debug|Any CPU
		{8781808E-96E0-4356-9F07-4DC67ECC33FE}.Debug|Any CPU.Build.0 = Debug|Any CPU
		{8781808E-96E0-4356-9F07-4DC67ECC33FE}.Release|Any CPU.ActiveCfg = Release|Any CPU
		{8781808E-96E0-4356-9F07-4DC67ECC33FE}.Release|Any CPU.Build.0 = Release|Any CPU
		{F71937F8-65A1-4F78-8AE9-42DF645AEB2E}.Debug|Any CPU.ActiveCfg = Debug|Any CPU
		{F71937F8-65A1-4F78-8AE9-42DF645AEB2E}.Debug|Any CPU.Build.0 = Debug|Any CPU
		{F71937F8-65A1-4F78-8AE9-42DF645AEB2E}.Release|Any CPU.ActiveCfg = Release|Any CPU
		{F71937F8-65A1-4F78-8AE9-42DF645AEB2E}.Release|Any CPU.Build.0 = Release|Any CPU
	EndGlobalSection
	GlobalSection(SolutionProperties) = preSolution
		HideSolutionNode = FALSE
	EndGlobalSection
	GlobalSection(ExtensibilityGlobals) = postSolution
		SolutionGuid = {D6826572-ECDB-45D4-8D03-E09D697BB84C}
	EndGlobalSection
EndGlobal
